lockfileVersion: '9.0'

settings:
  autoInstallPeers: true
  excludeLinksFromLockfile: false

importers:

  .:
    dependencies:
      storm-microcontroller-language:
        specifier: file:../storm-microcontroller-language
        version: file:../storm-microcontroller-language

packages:

  fast-xml-parser@4.5.6:
    resolution: {integrity: sha512-Yd4vkROfJf8AuJrDIVMVmYfULKmIJszVsMv7Vo71aocsKgFxpdlpSHXSaInvyYfgw2PRuObQSW2GFpVMUjxu9A==}
    hasBin: true

  storm-microcontroller-language@file:../storm-microcontroller-language:
    resolution: {directory: ../storm-microcontroller-language, type: directory}
    hasBin: true

  strnum@1.1.2:
    resolution: {integrity: sha512-vrN+B7DBIoTTZjnPNewwhx6cBA/H+IS7rfW68n7XxC1y7uoiGQBxaKzqucGUgavX15dJgiGztLJ8vxuEzwqBdA==}

snapshots:

  fast-xml-parser@4.5.6:
    dependencies:
      strnum: 1.1.2

  storm-microcontroller-language@file:../storm-microcontroller-language:
    dependencies:
      fast-xml-parser: 4.5.6

  strnum@1.1.2: {}
